
Microsoft Visual Studio Solution File, Format Version 12.00
# Visual Studio Version 16
VisualStudioVersion = 16.0.30204.135
MinimumVisualStudioVersion = 10.0.40219.1
Project("{FAE04EC0-301F-11D3-BF4B-00C04F79EFBC}") = "Agenda", "Agenda\Agenda.csproj", "{DFCC6830-33EC-4F07-A2F1-1C92A01EFCEC}"
EndProject
Global
	GlobalSection(SolutionConfigurationPlatforms) = preSolution
		Debug|Any CPU = Debug|Any CPU
		Release|Any CPU = Release|Any CPU
	EndGlobalSection
	GlobalSection(ProjectConfigurationPlatforms) = postSolution
		{DFCC6830-33EC-4F07-A2F1-1C92A01EFCEC}.Debug|Any CPU.ActiveCfg = Debug|Any CPU
		{DFCC6830-33EC-4F07-A2F1-1C92A01EFCEC}.Debug|Any CPU.Build.0 = Debug|Any CPU
		{DFCC6830-33EC-4F07-A2F1-1C92A01EFCEC}.Release|Any CPU.ActiveCfg = Release|Any CPU
		{DFCC6830-33EC-4F07-A2F1-1C92A01EFCEC}.Release|Any CPU.Build.0 = Release|Any CPU
	EndGlobalSection
	GlobalSection(SolutionProperties) = preSolution
		HideSolutionNode = FALSE
	EndGlobalSection
	GlobalSection(ExtensibilityGlobals) = postSolution
		SolutionGuid = {DB7C1C44-AB42-4C57-A6EB-51D6369E7EAD}
	EndGlobalSection
EndGlobal
